
Microsoft Visual Studio Solution File, Format Version 11.00
# Visual Studio 2010
Project("{FAE04EC0-301F-11D3-BF4B-00C04F79EFBC}") = "Metsys.Bson", "Metsys.Bson\Metsys.Bson.csproj", "{AAEAF279-5E52-4F0C-8765-497C0259D984}"
EndProject
Project("{FAE04EC0-301F-11D3-BF4B-00C04F79EFBC}") = "Metsys.Bson.Tests", "Metsys.Bson.Tests\Metsys.Bson.Tests.csproj", "{EAB26123-53C0-414A-92DF-B84A27A5E50A}"
EndProject
Global
	GlobalSection(SolutionConfigurationPlatforms) = preSolution
		Debug|Any CPU = Debug|Any CPU
		Release|Any CPU = Release|Any CPU
	EndGlobalSection
	GlobalSection(ProjectConfigurationPlatforms) = postSolution
		{AAEAF279-5E52-4F0C-8765-497C0259D984}.Debug|Any CPU.ActiveCfg = Debug|Any CPU
		{AAEAF279-5E52-4F0C-8765-497C0259D984}.Debug|Any CPU.Build.0 = Debug|Any CPU
		{AAEAF279-5E52-4F0C-8765-497C0259D984}.Release|Any CPU.ActiveCfg = Release|Any CPU
		{AAEAF279-5E52-4F0C-8765-497C0259D984}.Release|Any CPU.Build.0 = Release|Any CPU
		{EAB26123-53C0-414A-92DF-B84A27A5E50A}.Debug|Any CPU.ActiveCfg = Debug|Any CPU
		{EAB26123-53C0-414A-92DF-B84A27A5E50A}.Debug|Any CPU.Build.0 = Debug|Any CPU
		{EAB26123-53C0-414A-92DF-B84A27A5E50A}.Release|Any CPU.ActiveCfg = Release|Any CPU
		{EAB26123-53C0-414A-92DF-B84A27A5E50A}.Release|Any CPU.Build.0 = Release|Any CPU
	EndGlobalSection
	GlobalSection(SolutionProperties) = preSolution
		HideSolutionNode = FALSE
	EndGlobalSection
EndGlobal
